<?xml version="1.0" encoding="utf-8"?>
<Project ToolsVersion="4.0" xmlns="http://schemas.microsoft.com/developer/msbuild/2003">
  <ItemGroup>
    <Filter Include="Source Files">
      <UniqueIdentifier>{bd3f09fa-b475-4dac-9626-71964bed307b}</UniqueIdentifier>
    </Filter>
    <Filter Include="Header Files">
      <UniqueIdentifier>{baecb7d9-9a17-463c-af0b-6472a3176ea6}</UniqueIdentifier>
    </Filter>
    <Filter Include="Source Files\overlay">
      <UniqueIdentifier>{8d7aa926-414b-428d-b7be-ca190109f01e}</UniqueIdentifier>
    </Filter>
    <Filter Include="Source Files\hooks">
      <UniqueIdentifier>{70955d00-728d-4e8f-a03a-c7701c560ea3}</UniqueIdentifier>
    </Filter>
    <Filter Include="Source Files\utils">
      <UniqueIdentifier>{71c35280-072d-4135-bf5e-dcf5e2da9da3}</UniqueIdentifier>
    </Filter>
  </ItemGroup>
  <ItemGroup>
    <ClCompile Include="src\config\config.cpp">
      <Filter>Source Files</Filter>
    </ClCompile>
    <ClCompile Include="src\init.cpp">
      <Filter>Source Files</Filter>
    </ClCompile>
    <ClCompile Include="src\overlay\hiterror.cpp">
      <Filter>Source Files\overlay</Filter>
    </ClCompile>
    <ClCompile Include="src\overlay\imguistyle.cpp">
      <Filter>Source Files\overlay</Filter>
    </ClCompile>
    <ClCompile Include="src\overlay\overlay.cpp">
      <Filter>Source Files\overlay</Filter>
    </ClCompile>
    <ClCompile Include="src\hooks\hooks.cpp">
      <Filter>Source Files\hooks</Filter>
    </ClCompile>
    <ClCompile Include="src\utils\statistics.cpp">
      <Filter>Source Files\utils</Filter>
    </ClCompile>
    <ClCompile Include="src\graphics\dx9.cpp">
      <Filter>Source Files\hooks</Filter>
    </ClCompile>
    <ClCompile Include="src\graphics\gui.cpp">
      <Filter>Source Files\hooks</Filter>
    </ClCompile>
    <ClCompile Include="src\hooks\srcnumber.cpp">
      <Filter>Source Files\hooks</Filter>
    </ClCompile>
    <ClCompile Include="src\hooks\mirror.cpp" />
    <ClCompile Include="src\hooks\cursor.cpp" />
    <ClCompile Include="src\hooks\replayfix.cpp" />
    <ClCompile Include="src\hooks\updategamestate.cpp" />
    <ClCompile Include="src\hooks\judgement.cpp" />
  </ItemGroup>
  <ItemGroup>
    <ClInclude Include="src\config\config.h">
      <Filter>Header Files</Filter>
    </ClInclude>
    <ClInclude Include="src\config\version.h">
      <Filter>Header Files</Filter>
    </ClInclude>
    <ClInclude Include="src\overlay\overlay.h">
      <Filter>Source Files\overlay</Filter>
    </ClInclude>
    <ClInclude Include="src\overlay\imguistyle.h">
      <Filter>Source Files\overlay</Filter>
    </ClInclude>
    <ClInclude Include="src\overlay\hiterror.h">
      <Filter>Source Files\overlay</Filter>
    </ClInclude>
    <ClInclude Include="src\utils\statistics.h">
      <Filter>Source Files\utils</Filter>
    </ClInclude>
    <ClInclude Include="src\graphics\gui.h">
      <Filter>Source Files\hooks</Filter>
    </ClInclude>
    <ClInclude Include="src\hooks\hooks.h">
      <Filter>Source Files\hooks</Filter>
    </ClInclude>
    <ClInclude Include="src\graphics\dx9.h">
      <Filter>Source Files\hooks</Filter>
    </ClInclude>
    <ClInclude Include="src\hooks\srcnumber.h">
      <Filter>Source Files\hooks</Filter>
    </ClInclude>
    <ClInclude Include="src\hooks\mirror.h" />
    <ClInclude Include="src\hooks\cursor.h" />
    <ClInclude Include="src\hooks\replayfix.h" />
    <ClInclude Include="src\hooks\updategamestate.h" />
    <ClInclude Include="src\hooks\judgement.h" />
  </ItemGroup>
</Project>